// !$*UTF8*$!
{
	archiveVersion = 1;
	classes = {
	};
	objectVersion = 46;
	objects = {

/* Begin PBXBuildFile section */
		0C4D4E011D767E1F0044E5D5 /* JokeDetailVC.swift in Sources */ = {isa = PBXBuildFile; fileRef = 0C4D4DFF1D767E1F0044E5D5 /* JokeDetailVC.swift */; };
		0C4D4E021D767E1F0044E5D5 /* JokeDetailVC.xib in Resources */ = {isa = PBXBuildFile; fileRef = 0C4D4E001D767E1F0044E5D5 /* JokeDetailVC.xib */; };
		0C4D4E041D768D460044E5D5 /* JokeVedioTool.swift in Sources */ = {isa = PBXBuildFile; fileRef = 0C4D4E031D768D460044E5D5 /* JokeVedioTool.swift */; };
		0C548DF01D70369C006C3B49 /* JKScrollTitle.swift in Sources */ = {isa = PBXBuildFile; fileRef = 0C548DEF1D70369C006C3B49 /* JKScrollTitle.swift */; };
		0C548DF21D704133006C3B49 /* JokeTableView.swift in Sources */ = {isa = PBXBuildFile; fileRef = 0C548DF11D704133006C3B49 /* JokeTableView.swift */; };
		0C548DF41D7041EE006C3B49 /* JKTableDelegate.swift in Sources */ = {isa = PBXBuildFile; fileRef = 0C548DF31D7041EE006C3B49 /* JKTableDelegate.swift */; };
		0C548DFB1D704471006C3B49 /* JokeTextCell.swift in Sources */ = {isa = PBXBuildFile; fileRef = 0C548DF91D704471006C3B49 /* JokeTextCell.swift */; };
		0C548DFC1D704471006C3B49 /* JokeTextCell.xib in Resources */ = {isa = PBXBuildFile; fileRef = 0C548DFA1D704471006C3B49 /* JokeTextCell.xib */; };
		0C9F9C2D1D6EC56F00956C61 /* AppDelegate.swift in Sources */ = {isa = PBXBuildFile; fileRef = 0C9F9C2C1D6EC56F00956C61 /* AppDelegate.swift */; };
		0C9F9C321D6EC56F00956C61 /* Main.storyboard in Resources */ = {isa = PBXBuildFile; fileRef = 0C9F9C301D6EC56F00956C61 /* Main.storyboard */; };
		0C9F9C341D6EC56F00956C61 /* Assets.xcassets in Resources */ = {isa = PBXBuildFile; fileRef = 0C9F9C331D6EC56F00956C61 /* Assets.xcassets */; };
		0C9F9C371D6EC56F00956C61 /* LaunchScreen.storyboard in Resources */ = {isa = PBXBuildFile; fileRef = 0C9F9C351D6EC56F00956C61 /* LaunchScreen.storyboard */; };
		0C9F9C421D6EC56F00956C61 /* ZLJoke1Tests.swift in Sources */ = {isa = PBXBuildFile; fileRef = 0C9F9C411D6EC56F00956C61 /* ZLJoke1Tests.swift */; };
		0C9F9C4D1D6EC56F00956C61 /* ZLJoke1UITests.swift in Sources */ = {isa = PBXBuildFile; fileRef = 0C9F9C4C1D6EC56F00956C61 /* ZLJoke1UITests.swift */; };
		0C9F9C611D6EC5A800956C61 /* IndexVC.swift in Sources */ = {isa = PBXBuildFile; fileRef = 0C9F9C5C1D6EC5A800956C61 /* IndexVC.swift */; };
		0C9F9C621D6EC5A800956C61 /* IndexVC.xib in Resources */ = {isa = PBXBuildFile; fileRef = 0C9F9C5D1D6EC5A800956C61 /* IndexVC.xib */; };
		0C9F9C631D6EC5A800956C61 /* Globle.swift in Sources */ = {isa = PBXBuildFile; fileRef = 0C9F9C5E1D6EC5A800956C61 /* Globle.swift */; };
		0C9F9C691D6ED45700956C61 /* JokeMainVC.swift in Sources */ = {isa = PBXBuildFile; fileRef = 0C9F9C671D6ED45700956C61 /* JokeMainVC.swift */; };
		0C9F9C6A1D6ED45700956C61 /* JokeMainVC.xib in Resources */ = {isa = PBXBuildFile; fileRef = 0C9F9C681D6ED45700956C61 /* JokeMainVC.xib */; };
		0C9F9C6E1D6EDE5F00956C61 /* JokeMyVC.swift in Sources */ = {isa = PBXBuildFile; fileRef = 0C9F9C6C1D6EDE5F00956C61 /* JokeMyVC.swift */; };
		0C9F9C6F1D6EDE5F00956C61 /* JokeMyVC.xib in Resources */ = {isa = PBXBuildFile; fileRef = 0C9F9C6D1D6EDE5F00956C61 /* JokeMyVC.xib */; };
		0CB175A31D7533D600BF1D97 /* JKDataLoad.swift in Sources */ = {isa = PBXBuildFile; fileRef = 0CB175A21D7533D600BF1D97 /* JKDataLoad.swift */; };
		0CB175A51D7537A800BF1D97 /* WebModel.swift in Sources */ = {isa = PBXBuildFile; fileRef = 0CB175A41D7537A800BF1D97 /* WebModel.swift */; };
		0CB175E31D7562F200BF1D97 /* AVFoundation.framework in Frameworks */ = {isa = PBXBuildFile; fileRef = 0CB175E21D7562F200BF1D97 /* AVFoundation.framework */; };
		0CD6B7291D73DB1900ED18ED /* JKContentScroll.swift in Sources */ = {isa = PBXBuildFile; fileRef = 0CD6B7281D73DB1900ED18ED /* JKContentScroll.swift */; };
		0CD6B72C1D73F90700ED18ED /* JokeModel.swift in Sources */ = {isa = PBXBuildFile; fileRef = 0CD6B72B1D73F90700ED18ED /* JokeModel.swift */; };
		0CD6B72E1D74057E00ED18ED /* HttpTool.swift in Sources */ = {isa = PBXBuildFile; fileRef = 0CD6B72D1D74057E00ED18ED /* HttpTool.swift */; };
		885DA86C0F78A7383779A4E9 /* Pods.framework in Frameworks */ = {isa = PBXBuildFile; fileRef = 31DA00F21F93B391B0206A96 /* Pods.framework */; settings = {ATTRIBUTES = (Weak, ); }; };
/* End PBXBuildFile section */

/* Begin PBXContainerItemProxy section */
		0C9F9C3E1D6EC56F00956C61 /* PBXContainerItemProxy */ = {
			isa = PBXContainerItemProxy;
			containerPortal = 0C9F9C211D6EC56F00956C61 /* Project object */;
			proxyType = 1;
			remoteGlobalIDString = 0C9F9C281D6EC56F00956C61;
			remoteInfo = ZLJoke1;
		};
		0C9F9C491D6EC56F00956C61 /* PBXContainerItemProxy */ = {
			isa = PBXContainerItemProxy;
			containerPortal = 0C9F9C211D6EC56F00956C61 /* Project object */;
			proxyType = 1;
			remoteGlobalIDString = 0C9F9C281D6EC56F00956C61;
			remoteInfo = ZLJoke1;
		};
/* End PBXContainerItemProxy section */

/* Begin PBXFileReference section */
		0C4D4DFF1D767E1F0044E5D5 /* JokeDetailVC.swift */ = {isa = PBXFileReference; fileEncoding = 4; lastKnownFileType = sourcecode.swift; path = JokeDetailVC.swift; sourceTree = "<group>"; };
		0C4D4E001D767E1F0044E5D5 /* JokeDetailVC.xib */ = {isa = PBXFileReference; fileEncoding = 4; lastKnownFileType = file.xib; path = JokeDetailVC.xib; sourceTree = "<group>"; };
		0C4D4E031D768D460044E5D5 /* JokeVedioTool.swift */ = {isa = PBXFileReference; fileEncoding = 4; lastKnownFileType = sourcecode.swift; path = JokeVedioTool.swift; sourceTree = "<group>"; };
		0C548DEF1D70369C006C3B49 /* JKScrollTitle.swift */ = {isa = PBXFileReference; fileEncoding = 4; lastKnownFileType = sourcecode.swift; path = JKScrollTitle.swift; sourceTree = "<group>"; };
		0C548DF11D704133006C3B49 /* JokeTableView.swift */ = {isa = PBXFileReference; fileEncoding = 4; lastKnownFileType = sourcecode.swift; name = JokeTableView.swift; path = ../JokeTableView.swift; sourceTree = "<group>"; };
		0C548DF31D7041EE006C3B49 /* JKTableDelegate.swift */ = {isa = PBXFileReference; fileEncoding = 4; lastKnownFileType = sourcecode.swift; path = JKTableDelegate.swift; sourceTree = "<group>"; };
		0C548DF91D704471006C3B49 /* JokeTextCell.swift */ = {isa = PBXFileReference; fileEncoding = 4; lastKnownFileType = sourcecode.swift; path = JokeTextCell.swift; sourceTree = "<group>"; };
		0C548DFA1D704471006C3B49 /* JokeTextCell.xib */ = {isa = PBXFileReference; fileEncoding = 4; lastKnownFileType = file.xib; path = JokeTextCell.xib; sourceTree = "<group>"; };
		0C9F9C291D6EC56F00956C61 /* ZLJoke1.app */ = {isa = PBXFileReference; explicitFileType = wrapper.application; includeInIndex = 0; path = ZLJoke1.app; sourceTree = BUILT_PRODUCTS_DIR; };
		0C9F9C2C1D6EC56F00956C61 /* AppDelegate.swift */ = {isa = PBXFileReference; lastKnownFileType = sourcecode.swift; path = AppDelegate.swift; sourceTree = "<group>"; };
		0C9F9C311D6EC56F00956C61 /* Base */ = {isa = PBXFileReference; lastKnownFileType = file.storyboard; name = Base; path = Base.lproj/Main.storyboard; sourceTree = "<group>"; };
		0C9F9C331D6EC56F00956C61 /* Assets.xcassets */ = {isa = PBXFileReference; lastKnownFileType = folder.assetcatalog; path = Assets.xcassets; sourceTree = "<group>"; };
		0C9F9C361D6EC56F00956C61 /* Base */ = {isa = PBXFileReference; lastKnownFileType = file.storyboard; name = Base; path = Base.lproj/LaunchScreen.storyboard; sourceTree = "<group>"; };
		0C9F9C381D6EC56F00956C61 /* Info.plist */ = {isa = PBXFileReference; lastKnownFileType = text.plist.xml; path = Info.plist; sourceTree = "<group>"; };
		0C9F9C3D1D6EC56F00956C61 /* ZLJoke1Tests.xctest */ = {isa = PBXFileReference; explicitFileType = wrapper.cfbundle; includeInIndex = 0; path = ZLJoke1Tests.xctest; sourceTree = BUILT_PRODUCTS_DIR; };
		0C9F9C411D6EC56F00956C61 /* ZLJoke1Tests.swift */ = {isa = PBXFileReference; lastKnownFileType = sourcecode.swift; path = ZLJoke1Tests.swift; sourceTree = "<group>"; };
		0C9F9C431D6EC56F00956C61 /* Info.plist */ = {isa = PBXFileReference; lastKnownFileType = text.plist.xml; path = Info.plist; sourceTree = "<group>"; };
		0C9F9C481D6EC56F00956C61 /* ZLJoke1UITests.xctest */ = {isa = PBXFileReference; explicitFileType = wrapper.cfbundle; includeInIndex = 0; path = ZLJoke1UITests.xctest; sourceTree = BUILT_PRODUCTS_DIR; };
		0C9F9C4C1D6EC56F00956C61 /* ZLJoke1UITests.swift */ = {isa = PBXFileReference; lastKnownFileType = sourcecode.swift; path = ZLJoke1UITests.swift; sourceTree = "<group>"; };
		0C9F9C4E1D6EC56F00956C61 /* Info.plist */ = {isa = PBXFileReference; lastKnownFileType = text.plist.xml; path = Info.plist; sourceTree = "<group>"; };
		0C9F9C5C1D6EC5A800956C61 /* IndexVC.swift */ = {isa = PBXFileReference; fileEncoding = 4; lastKnownFileType = sourcecode.swift; path = IndexVC.swift; sourceTree = "<group>"; };
		0C9F9C5D1D6EC5A800956C61 /* IndexVC.xib */ = {isa = PBXFileReference; fileEncoding = 4; lastKnownFileType = file.xib; path = IndexVC.xib; sourceTree = "<group>"; };
		0C9F9C5E1D6EC5A800956C61 /* Globle.swift */ = {isa = PBXFileReference; fileEncoding = 4; lastKnownFileType = sourcecode.swift; path = Globle.swift; sourceTree = "<group>"; };
		0C9F9C671D6ED45700956C61 /* JokeMainVC.swift */ = {isa = PBXFileReference; fileEncoding = 4; lastKnownFileType = sourcecode.swift; path = JokeMainVC.swift; sourceTree = "<group>"; };
		0C9F9C681D6ED45700956C61 /* JokeMainVC.xib */ = {isa = PBXFileReference; fileEncoding = 4; lastKnownFileType = file.xib; path = JokeMainVC.xib; sourceTree = "<group>"; };
		0C9F9C6C1D6EDE5F00956C61 /* JokeMyVC.swift */ = {isa = PBXFileReference; fileEncoding = 4; lastKnownFileType = sourcecode.swift; path = JokeMyVC.swift; sourceTree = "<group>"; };
		0C9F9C6D1D6EDE5F00956C61 /* JokeMyVC.xib */ = {isa = PBXFileReference; fileEncoding = 4; lastKnownFileType = file.xib; path = JokeMyVC.xib; sourceTree = "<group>"; };
		0CB175A21D7533D600BF1D97 /* JKDataLoad.swift */ = {isa = PBXFileReference; fileEncoding = 4; lastKnownFileType = sourcecode.swift; path = JKDataLoad.swift; sourceTree = "<group>"; };
		0CB175A41D7537A800BF1D97 /* WebModel.swift */ = {isa = PBXFileReference; fileEncoding = 4; lastKnownFileType = sourcecode.swift; path = WebModel.swift; sourceTree = "<group>"; };
		0CB175E21D7562F200BF1D97 /* AVFoundation.framework */ = {isa = PBXFileReference; lastKnownFileType = wrapper.framework; name = AVFoundation.framework; path = System/Library/Frameworks/AVFoundation.framework; sourceTree = SDKROOT; };
		0CD6B7281D73DB1900ED18ED /* JKContentScroll.swift */ = {isa = PBXFileReference; fileEncoding = 4; lastKnownFileType = sourcecode.swift; path = JKContentScroll.swift; sourceTree = "<group>"; };
		0CD6B72B1D73F90700ED18ED /* JokeModel.swift */ = {isa = PBXFileReference; fileEncoding = 4; lastKnownFileType = sourcecode.swift; path = JokeModel.swift; sourceTree = "<group>"; };
		0CD6B72D1D74057E00ED18ED /* HttpTool.swift */ = {isa = PBXFileReference; fileEncoding = 4; lastKnownFileType = sourcecode.swift; path = HttpTool.swift; sourceTree = "<group>"; };
		0CD6B7311D742D5B00ED18ED /* ZLJoke-Bridging.h */ = {isa = PBXFileReference; lastKnownFileType = sourcecode.c.h; path = "ZLJoke-Bridging.h"; sourceTree = "<group>"; };
		31DA00F21F93B391B0206A96 /* Pods.framework */ = {isa = PBXFileReference; explicitFileType = wrapper.framework; includeInIndex = 0; path = Pods.framework; sourceTree = BUILT_PRODUCTS_DIR; };
		93F8AE7832074896A21AF6E1 /* Pods.release.xcconfig */ = {isa = PBXFileReference; includeInIndex = 1; lastKnownFileType = text.xcconfig; name = Pods.release.xcconfig; path = "Pods/Target Support Files/Pods/Pods.release.xcconfig"; sourceTree = "<group>"; };
		A9A04F4037418FEDC946A611 /* Pods.debug.xcconfig */ = {isa = PBXFileReference; includeInIndex = 1; lastKnownFileType = text.xcconfig; name = Pods.debug.xcconfig; path = "Pods/Target Support Files/Pods/Pods.debug.xcconfig"; sourceTree = "<group>"; };
/* End PBXFileReference section */

/* Begin PBXFrameworksBuildPhase section */
		0C9F9C261D6EC56F00956C61 /* Frameworks */ = {
			isa = PBXFrameworksBuildPhase;
			buildActionMask = 2147483647;
			files = (
				0CB175E31D7562F200BF1D97 /* AVFoundation.framework in Frameworks */,
				885DA86C0F78A7383779A4E9 /* Pods.framework in Frameworks */,
			);
			runOnlyForDeploymentPostprocessing = 0;
		};
		0C9F9C3A1D6EC56F00956C61 /* Frameworks */ = {
			isa = PBXFrameworksBuildPhase;
			buildActionMask = 2147483647;
			files = (
			);
			runOnlyForDeploymentPostprocessing = 0;
		};
		0C9F9C451D6EC56F00956C61 /* Frameworks */ = {
			isa = PBXFrameworksBuildPhase;
			buildActionMask = 2147483647;
			files = (
			);
			runOnlyForDeploymentPostprocessing = 0;
		};
/* End PBXFrameworksBuildPhase section */

/* Begin PBXGroup section */
		0C548DEE1D70368F006C3B49 /* View */ = {
			isa = PBXGroup;
			children = (
				0C548DF11D704133006C3B49 /* JokeTableView.swift */,
				0C548DEF1D70369C006C3B49 /* JKScrollTitle.swift */,
				0C548DF91D704471006C3B49 /* JokeTextCell.swift */,
				0C548DFA1D704471006C3B49 /* JokeTextCell.xib */,
				0CD6B7281D73DB1900ED18ED /* JKContentScroll.swift */,
			);
			path = View;
			sourceTree = "<group>";
		};
		0C9F9C201D6EC56F00956C61 = {
			isa = PBXGroup;
			children = (
				0C9F9C2B1D6EC56F00956C61 /* ZLJoke1 */,
				0C9F9C401D6EC56F00956C61 /* ZLJoke1Tests */,
				0C9F9C4B1D6EC56F00956C61 /* ZLJoke1UITests */,
				0C9F9C2A1D6EC56F00956C61 /* Products */,
				CC4C08B9E08941325844A271 /* Pods */,
				B227320316F907C4E45E67B7 /* Frameworks */,
			);
			sourceTree = "<group>";
		};
		0C9F9C2A1D6EC56F00956C61 /* Products */ = {
			isa = PBXGroup;
			children = (
				0C9F9C291D6EC56F00956C61 /* ZLJoke1.app */,
				0C9F9C3D1D6EC56F00956C61 /* ZLJoke1Tests.xctest */,
				0C9F9C481D6EC56F00956C61 /* ZLJoke1UITests.xctest */,
			);
			name = Products;
			sourceTree = "<group>";
		};
		0C9F9C2B1D6EC56F00956C61 /* ZLJoke1 */ = {
			isa = PBXGroup;
			children = (
				0C9F9C5A1D6EC5A800956C61 /* App */,
				0C9F9C2C1D6EC56F00956C61 /* AppDelegate.swift */,
				0C9F9C301D6EC56F00956C61 /* Main.storyboard */,
				0C9F9C331D6EC56F00956C61 /* Assets.xcassets */,
				0C9F9C351D6EC56F00956C61 /* LaunchScreen.storyboard */,
				0C9F9C381D6EC56F00956C61 /* Info.plist */,
				0CD6B7311D742D5B00ED18ED /* ZLJoke-Bridging.h */,
			);
			path = ZLJoke1;
			sourceTree = "<group>";
		};
		0C9F9C401D6EC56F00956C61 /* ZLJoke1Tests */ = {
			isa = PBXGroup;
			children = (
				0C9F9C411D6EC56F00956C61 /* ZLJoke1Tests.swift */,
				0C9F9C431D6EC56F00956C61 /* Info.plist */,
			);
			path = ZLJoke1Tests;
			sourceTree = "<group>";
		};
		0C9F9C4B1D6EC56F00956C61 /* ZLJoke1UITests */ = {
			isa = PBXGroup;
			children = (
				0C9F9C4C1D6EC56F00956C61 /* ZLJoke1UITests.swift */,
				0C9F9C4E1D6EC56F00956C61 /* Info.plist */,
			);
			path = ZLJoke1UITests;
			sourceTree = "<group>";
		};
		0C9F9C5A1D6EC5A800956C61 /* App */ = {
			isa = PBXGroup;
			children = (
				0C9F9C5B1D6EC5A800956C61 /* Controller */,
				0C9F9C5E1D6EC5A800956C61 /* Globle.swift */,
				0CD6B72D1D74057E00ED18ED /* HttpTool.swift */,
				0C9F9C5F1D6EC5A800956C61 /* Model */,
				0C9F9C601D6EC5A800956C61 /* View */,
			);
			path = App;
			sourceTree = "<group>";
		};
		0C9F9C5B1D6EC5A800956C61 /* Controller */ = {
			isa = PBXGroup;
			children = (
				0C9F9C6B1D6EDE5000956C61 /* MyVC */,
				0C9F9C641D6ED42000956C61 /* MainVC */,
				0C9F9C5C1D6EC5A800956C61 /* IndexVC.swift */,
				0C9F9C5D1D6EC5A800956C61 /* IndexVC.xib */,
			);
			path = Controller;
			sourceTree = "<group>";
		};
		0C9F9C5F1D6EC5A800956C61 /* Model */ = {
			isa = PBXGroup;
			children = (
				0C9F9C661D6ED44200956C61 /* MainVCModel */,
			);
			path = Model;
			sourceTree = "<group>";
		};
		0C9F9C601D6EC5A800956C61 /* View */ = {
			isa = PBXGroup;
			children = (
			);
			path = View;
			sourceTree = "<group>";
		};
		0C9F9C641D6ED42000956C61 /* MainVC */ = {
			isa = PBXGroup;
			children = (
				0CD6B72A1D73F8DE00ED18ED /* Model */,
				0C548DEE1D70368F006C3B49 /* View */,
				0C9F9C701D6EEC0C00956C61 /* Delegate */,
				0C9F9C671D6ED45700956C61 /* JokeMainVC.swift */,
				0C9F9C681D6ED45700956C61 /* JokeMainVC.xib */,
				0C4D4DFF1D767E1F0044E5D5 /* JokeDetailVC.swift */,
				0C4D4E001D767E1F0044E5D5 /* JokeDetailVC.xib */,
			);
			path = MainVC;
			sourceTree = "<group>";
		};
		0C9F9C661D6ED44200956C61 /* MainVCModel */ = {
			isa = PBXGroup;
			children = (
			);
			path = MainVCModel;
			sourceTree = "<group>";
		};
		0C9F9C6B1D6EDE5000956C61 /* MyVC */ = {
			isa = PBXGroup;
			children = (
				0C9F9C6C1D6EDE5F00956C61 /* JokeMyVC.swift */,
				0C9F9C6D1D6EDE5F00956C61 /* JokeMyVC.xib */,
			);
			path = MyVC;
			sourceTree = "<group>";
		};
		0C9F9C701D6EEC0C00956C61 /* Delegate */ = {
			isa = PBXGroup;
			children = (
				0C548DF31D7041EE006C3B49 /* JKTableDelegate.swift */,
				0C4D4E031D768D460044E5D5 /* JokeVedioTool.swift */,
			);
			path = Delegate;
			sourceTree = "<group>";
		};
		0CD6B72A1D73F8DE00ED18ED /* Model */ = {
			isa = PBXGroup;
			children = (
				0CD6B72B1D73F90700ED18ED /* JokeModel.swift */,
				0CB175A21D7533D600BF1D97 /* JKDataLoad.swift */,
				0CB175A41D7537A800BF1D97 /* WebModel.swift */,
			);
			path = Model;
			sourceTree = "<group>";
		};
		B227320316F907C4E45E67B7 /* Frameworks */ = {
			isa = PBXGroup;
			children = (
				0CB175E21D7562F200BF1D97 /* AVFoundation.framework */,
				31DA00F21F93B391B0206A96 /* Pods.framework */,
			);
			name = Frameworks;
			sourceTree = "<group>";
		};
		CC4C08B9E08941325844A271 /* Pods */ = {
			isa = PBXGroup;
			children = (
				A9A04F4037418FEDC946A611 /* Pods.debug.xcconfig */,
				93F8AE7832074896A21AF6E1 /* Pods.release.xcconfig */,
			);
			name = Pods;
			sourceTree = "<group>";
		};
/* End PBXGroup section */

/* Begin PBXNativeTarget section */
		0C9F9C281D6EC56F00956C61 /* ZLJoke1 */ = {
			isa = PBXNativeTarget;
			buildConfigurationList = 0C9F9C511D6EC56F00956C61 /* Build configuration list for PBXNativeTarget "ZLJoke1" */;
			buildPhases = (
				4F8AAD03DEBFF0092FADD18F /* Check Pods Manifest.lock */,
				0C9F9C251D6EC56F00956C61 /* Sources */,
				0C9F9C261D6EC56F00956C61 /* Frameworks */,
				0C9F9C271D6EC56F00956C61 /* Resources */,
				481B4C044EB0CAA284B21ED0 /* Embed Pods Frameworks */,
				6397ECA5360B2FEBF6FC2794 /* Copy Pods Resources */,
			);
			buildRules = (
			);
			dependencies = (
			);
			name = ZLJoke1;
			productName = ZLJoke1;
			productReference = 0C9F9C291D6EC56F00956C61 /* ZLJoke1.app */;
			productType = "com.apple.product-type.application";
		};
		0C9F9C3C1D6EC56F00956C61 /* ZLJoke1Tests */ = {
			isa = PBXNativeTarget;
			buildConfigurationList = 0C9F9C541D6EC56F00956C61 /* Build configuration list for PBXNativeTarget "ZLJoke1Tests" */;
			buildPhases = (
				0C9F9C391D6EC56F00956C61 /* Sources */,
				0C9F9C3A1D6EC56F00956C61 /* Frameworks */,
				0C9F9C3B1D6EC56F00956C61 /* Resources */,
			);
			buildRules = (
			);
			dependencies = (
				0C9F9C3F1D6EC56F00956C61 /* PBXTargetDependency */,
			);
			name = ZLJoke1Tests;
			productName = ZLJoke1Tests;
			productReference = 0C9F9C3D1D6EC56F00956C61 /* ZLJoke1Tests.xctest */;
			productType = "com.apple.product-type.bundle.unit-test";
		};
		0C9F9C471D6EC56F00956C61 /* ZLJoke1UITests */ = {
			isa = PBXNativeTarget;
			buildConfigurationList = 0C9F9C571D6EC56F00956C61 /* Build configuration list for PBXNativeTarget "ZLJoke1UITests" */;
			buildPhases = (
				0C9F9C441D6EC56F00956C61 /* Sources */,
				0C9F9C451D6EC56F00956C61 /* Frameworks */,
				0C9F9C461D6EC56F00956C61 /* Resources */,
			);
			buildRules = (
			);
			dependencies = (
				0C9F9C4A1D6EC56F00956C61 /* PBXTargetDependency */,
			);
			name = ZLJoke1UITests;
			productName = ZLJoke1UITests;
			productReference = 0C9F9C481D6EC56F00956C61 /* ZLJoke1UITests.xctest */;
			productType = "com.apple.product-type.bundle.ui-testing";
		};
/* End PBXNativeTarget section */

/* Begin PBXProject section */
		0C9F9C211D6EC56F00956C61 /* Project object */ = {
			isa = PBXProject;
			attributes = {
				LastSwiftUpdateCheck = 0730;
				LastUpgradeCheck = 0730;
				ORGANIZATIONNAME = ZhiLong;
				TargetAttributes = {
					0C9F9C281D6EC56F00956C61 = {
						CreatedOnToolsVersion = 7.3.1;
					};
					0C9F9C3C1D6EC56F00956C61 = {
						CreatedOnToolsVersion = 7.3.1;
						TestTargetID = 0C9F9C281D6EC56F00956C61;
					};
					0C9F9C471D6EC56F00956C61 = {
						CreatedOnToolsVersion = 7.3.1;
						TestTargetID = 0C9F9C281D6EC56F00956C61;
					};
				};
			};
			buildConfigurationList = 0C9F9C241D6EC56F00956C61 /* Build configuration list for PBXProject "ZLJoke1" */;
			compatibilityVersion = "Xcode 3.2";
			developmentRegion = English;
			hasScannedForEncodings = 0;
			knownRegions = (
				en,
				Base,
			);
			mainGroup = 0C9F9C201D6EC56F00956C61;
			productRefGroup = 0C9F9C2A1D6EC56F00956C61 /* Products */;
			projectDirPath = "";
			projectRoot = "";
			targets = (
				0C9F9C281D6EC56F00956C61 /* ZLJoke1 */,
				0C9F9C3C1D6EC56F00956C61 /* ZLJoke1Tests */,
				0C9F9C471D6EC56F00956C61 /* ZLJoke1UITests */,
			);
		};
/* End PBXProject section */

/* Begin PBXResourcesBuildPhase section */
		0C9F9C271D6EC56F00956C61 /* Resources */ = {
			isa = PBXResourcesBuildPhase;
			buildActionMask = 2147483647;
			files = (
				0C9F9C371D6EC56F00956C61 /* LaunchScreen.storyboard in Resources */,
				0C548DFC1D704471006C3B49 /* JokeTextCell.xib in Resources */,
				0C9F9C621D6EC5A800956C61 /* IndexVC.xib in Resources */,
				0C9F9C341D6EC56F00956C61 /* Assets.xcassets in Resources */,
				0C9F9C6F1D6EDE5F00956C61 /* JokeMyVC.xib in Resources */,
				0C9F9C6A1D6ED45700956C61 /* JokeMainVC.xib in Resources */,
				0C4D4E021D767E1F0044E5D5 /* JokeDetailVC.xib in Resources */,
				0C9F9C321D6EC56F00956C61 /* Main.storyboard in Resources */,
			);
			runOnlyForDeploymentPostprocessing = 0;
		};
		0C9F9C3B1D6EC56F00956C61 /* Resources */ = {
			isa = PBXResourcesBuildPhase;
			buildActionMask = 2147483647;
			files = (
			);
			runOnlyForDeploymentPostprocessing = 0;
		};
		0C9F9C461D6EC56F00956C61 /* Resources */ = {
			isa = PBXResourcesBuildPhase;
			buildActionMask = 2147483647;
			files = (
			);
			runOnlyForDeploymentPostprocessing = 0;
		};
/* End PBXResourcesBuildPhase section */

/* Begin PBXShellScriptBuildPhase section */
		481B4C044EB0CAA284B21ED0 /* Embed Pods Frameworks */ = {
			isa = PBXShellScriptBuildPhase;
			buildActionMask = 2147483647;
			files = (
			);
			inputPaths = (
			);
			name = "Embed Pods Frameworks";
			outputPaths = (
			);
			runOnlyForDeploymentPostprocessing = 0;
			shellPath = /bin/sh;
			shellScript = "\"${SRCROOT}/Pods/Target Support Files/Pods/Pods-frameworks.sh\"\n";
			showEnvVarsInLog = 0;
		};
		4F8AAD03DEBFF0092FADD18F /* Check Pods Manifest.lock */ = {
			isa = PBXShellScriptBuildPhase;
			buildActionMask = 2147483647;
			files = (
			);
			inputPaths = (
			);
			name = "Check Pods Manifest.lock";
			outputPaths = (
			);
			runOnlyForDeploymentPostprocessing = 0;
			shellPath = /bin/sh;
			shellScript = "diff \"${PODS_ROOT}/../Podfile.lock\" \"${PODS_ROOT}/Manifest.lock\" > /dev/null\nif [[ $? != 0 ]] ; then\n    cat << EOM\nerror: The sandbox is not in sync with the Podfile.lock. Run 'pod install' or update your CocoaPods installation.\nEOM\n    exit 1\nfi\n";
			showEnvVarsInLog = 0;
		};
		6397ECA5360B2FEBF6FC2794 /* Copy Pods Resources */ = {
			isa = PBXShellScriptBuildPhase;
			buildActionMask = 2147483647;
			files = (
			);
			inputPaths = (
			);
			name = "Copy Pods Resources";
			outputPaths = (
			);
			runOnlyForDeploymentPostprocessing = 0;
			shellPath = /bin/sh;
			shellScript = "\"${SRCROOT}/Pods/Target Support Files/Pods/Pods-resources.sh\"\n";
			showEnvVarsInLog = 0;
		};
/* End PBXShellScriptBuildPhase section */

/* Begin PBXSourcesBuildPhase section */
		0C9F9C251D6EC56F00956C61 /* Sources */ = {
			isa = PBXSourcesBuildPhase;
			buildActionMask = 2147483647;
			files = (
				0C548DF41D7041EE006C3B49 /* JKTableDelegate.swift in Sources */,
				0C4D4E011D767E1F0044E5D5 /* JokeDetailVC.swift in Sources */,
				0C9F9C6E1D6EDE5F00956C61 /* JokeMyVC.swift in Sources */,
				0CB175A51D7537A800BF1D97 /* WebModel.swift in Sources */,
				0C548DF01D70369C006C3B49 /* JKScrollTitle.swift in Sources */,
				0CD6B72E1D74057E00ED18ED /* HttpTool.swift in Sources */,
				0CD6B72C1D73F90700ED18ED /* JokeModel.swift in Sources */,
				0CB175A31D7533D600BF1D97 /* JKDataLoad.swift in Sources */,
				0CD6B7291D73DB1900ED18ED /* JKContentScroll.swift in Sources */,
				0C548DF21D704133006C3B49 /* JokeTableView.swift in Sources */,
				0C9F9C631D6EC5A800956C61 /* Globle.swift in Sources */,
				0C548DFB1D704471006C3B49 /* JokeTextCell.swift in Sources */,
				0C4D4E041D768D460044E5D5 /* JokeVedioTool.swift in Sources */,
				0C9F9C611D6EC5A800956C61 /* IndexVC.swift in Sources */,
				0C9F9C691D6ED45700956C61 /* JokeMainVC.swift in Sources */,
				0C9F9C2D1D6EC56F00956C61 /* AppDelegate.swift in Sources */,
			);
			runOnlyForDeploymentPostprocessing = 0;
		};
		0C9F9C391D6EC56F00956C61 /* Sources */ = {
			isa = PBXSourcesBuildPhase;
			buildActionMask = 2147483647;
			files = (
				0C9F9C421D6EC56F00956C61 /* ZLJoke1Tests.swift in Sources */,
			);
			runOnlyForDeploymentPostprocessing = 0;
		};
		0C9F9C441D6EC56F00956C61 /* Sources */ = {
			isa = PBXSourcesBuildPhase;
			buildActionMask = 2147483647;
			files = (
				0C9F9C4D1D6EC56F00956C61 /* ZLJoke1UITests.swift in Sources */,
			);
			runOnlyForDeploymentPostprocessing = 0;
		};
/* End PBXSourcesBuildPhase section */

/* Begin PBXTargetDependency section */
		0C9F9C3F1D6EC56F00956C61 /* PBXTargetDependency */ = {
			isa = PBXTargetDependency;
			target = 0C9F9C281D6EC56F00956C61 /* ZLJoke1 */;
			targetProxy = 0C9F9C3E1D6EC56F00956C61 /* PBXContainerItemProxy */;
		};
		0C9F9C4A1D6EC56F00956C61 /* PBXTargetDependency */ = {
			isa = PBXTargetDependency;
			target = 0C9F9C281D6EC56F00956C61 /* ZLJoke1 */;
			targetProxy = 0C9F9C491D6EC56F00956C61 /* PBXContainerItemProxy */;
		};
/* End PBXTargetDependency section */

/* Begin PBXVariantGroup section */
		0C9F9C301D6EC56F00956C61 /* Main.storyboard */ = {
			isa = PBXVariantGroup;
			children = (
				0C9F9C311D6EC56F00956C61 /* Base */,
			);
			name = Main.storyboard;
			sourceTree = "<group>";
		};
		0C9F9C351D6EC56F00956C61 /* LaunchScreen.storyboard */ = {
			isa = PBXVariantGroup;
			children = (
				0C9F9C361D6EC56F00956C61 /* Base */,
			);
			name = LaunchScreen.storyboard;
			sourceTree = "<group>";
		};
/* End PBXVariantGroup section */

/* Begin XCBuildConfiguration section */
		0C9F9C4F1D6EC56F00956C61 /* Debug */ = {
			isa = XCBuildConfiguration;
			buildSettings = {
				ALWAYS_SEARCH_USER_PATHS = NO;
				CLANG_ANALYZER_NONNULL = YES;
				CLANG_CXX_LANGUAGE_STANDARD = "gnu++0x";
				CLANG_CXX_LIBRARY = "libc++";
				CLANG_ENABLE_MODULES = YES;
				CLANG_ENABLE_OBJC_ARC = YES;
				CLANG_WARN_BOOL_CONVERSION = YES;
				CLANG_WARN_CONSTANT_CONVERSION = YES;
				CLANG_WARN_DIRECT_OBJC_ISA_USAGE = YES_ERROR;
				CLANG_WARN_EMPTY_BODY = YES;
				CLANG_WARN_ENUM_CONVERSION = YES;
				CLANG_WARN_INT_CONVERSION = YES;
				CLANG_WARN_OBJC_ROOT_CLASS = YES_ERROR;
				CLANG_WARN_UNREACHABLE_CODE = YES;
				CLANG_WARN__DUPLICATE_METHOD_MATCH = YES;
				"CODE_SIGN_IDENTITY[sdk=iphoneos*]" = "iPhone Developer";
				COPY_PHASE_STRIP = NO;
				DEBUG_INFORMATION_FORMAT = dwarf;
				ENABLE_STRICT_OBJC_MSGSEND = YES;
				ENABLE_TESTABILITY = YES;
				GCC_C_LANGUAGE_STANDARD = gnu99;
				GCC_DYNAMIC_NO_PIC = NO;
				GCC_NO_COMMON_BLOCKS = YES;
				GCC_OPTIMIZATION_LEVEL = 0;
				GCC_PREPROCESSOR_DEFINITIONS = (
					"DEBUG=1",
					"$(inherited)",
				);
				GCC_WARN_64_TO_32_BIT_CONVERSION = YES;
				GCC_WARN_ABOUT_RETURN_TYPE = YES_ERROR;
				GCC_WARN_UNDECLARED_SELECTOR = YES;
				GCC_WARN_UNINITIALIZED_AUTOS = YES_AGGRESSIVE;
				GCC_WARN_UNUSED_FUNCTION = YES;
				GCC_WARN_UNUSED_VARIABLE = YES;
				IPHONEOS_DEPLOYMENT_TARGET = 9.3;
				MTL_ENABLE_DEBUG_INFO = YES;
				ONLY_ACTIVE_ARCH = YES;
				SDKROOT = iphoneos;
				SWIFT_OBJC_BRIDGING_HEADER = "ZLJoke1/ZLJoke-Bridging.h";
				SWIFT_OPTIMIZATION_LEVEL = "-Onone";
				USER_HEADER_SEARCH_PATHS = "recursive\\ $(PODS_ROOT)";
			};
			name = Debug;
		};
		0C9F9C501D6EC56F00956C61 /* Release */ = {
			isa = XCBuildConfiguration;
			buildSettings = {
				ALWAYS_SEARCH_USER_PATHS = NO;
				CLANG_ANALYZER_NONNULL = YES;
				CLANG_CXX_LANGUAGE_STANDARD = "gnu++0x";
				CLANG_CXX_LIBRARY = "libc++";
				CLANG_ENABLE_MODULES = YES;
				CLANG_ENABLE_OBJC_ARC = YES;
				CLANG_WARN_BOOL_CONVERSION = YES;
				CLANG_WARN_CONSTANT_CONVERSION = YES;
				CLANG_WARN_DIRECT_OBJC_ISA_USAGE = YES_ERROR;
				CLANG_WARN_EMPTY_BODY = YES;
				CLANG_WARN_ENUM_CONVERSION = YES;
				CLANG_WARN_INT_CONVERSION = YES;
				CLANG_WARN_OBJC_ROOT_CLASS = YES_ERROR;
				CLANG_WARN_UNREACHABLE_CODE = YES;
				CLANG_WARN__DUPLICATE_METHOD_MATCH = YES;
				"CODE_SIGN_IDENTITY[sdk=iphoneos*]" = "iPhone Developer";
				COPY_PHASE_STRIP = NO;
				DEBUG_INFORMATION_FORMAT = "dwarf-with-dsym";
				ENABLE_NS_ASSERTIONS = NO;
				ENABLE_STRICT_OBJC_MSGSEND = YES;
				GCC_C_LANGUAGE_STANDARD = gnu99;
				GCC_NO_COMMON_BLOCKS = YES;
				GCC_WARN_64_TO_32_BIT_CONVERSION = YES;
				GCC_WARN_ABOUT_RETURN_TYPE = YES_ERROR;
				GCC_WARN_UNDECLARED_SELECTOR = YES;
				GCC_WARN_UNINITIALIZED_AUTOS = YES_AGGRESSIVE;
				GCC_WARN_UNUSED_FUNCTION = YES;
				GCC_WARN_UNUSED_VARIABLE = YES;
				IPHONEOS_DEPLOYMENT_TARGET = 9.3;
				MTL_ENABLE_DEBUG_INFO = NO;
				SDKROOT = iphoneos;
				SWIFT_OBJC_BRIDGING_HEADER = "ZLJoke1/ZLJoke-Bridging.h";
				USER_HEADER_SEARCH_PATHS = "recursive\\ $(PODS_ROOT)";
				VALIDATE_PRODUCT = YES;
			};
			name = Release;
		};
		0C9F9C521D6EC56F00956C61 /* Debug */ = {
			isa = XCBuildConfiguration;
			baseConfigurationReference = A9A04F4037418FEDC946A611 /* Pods.debug.xcconfig */;
			buildSettings = {
				ASSETCATALOG_COMPILER_APPICON_NAME = AppIcon;
				INFOPLIST_FILE = ZLJoke1/Info.plist;
				IPHONEOS_DEPLOYMENT_TARGET = 8.0;
				LD_RUNPATH_SEARCH_PATHS = "$(inherited) @executable_path/Frameworks";
				PRODUCT_BUNDLE_IDENTIFIER = com.10fenke.ZLJoke1;
				PRODUCT_NAME = "$(TARGET_NAME)";
				USER_HEADER_SEARCH_PATHS = "$(PODS_ROOT)/**";
			};
			name = Debug;
		};
		0C9F9C531D6EC56F00956C61 /* Release */ = {
			isa = XCBuildConfiguration;
			baseConfigurationReference = 93F8AE7832074896A21AF6E1 /* Pods.release.xcconfig */;
			buildSettings = {
				ASSETCATALOG_COMPILER_APPICON_NAME = AppIcon;
				INFOPLIST_FILE = ZLJoke1/Info.plist;
				IPHONEOS_DEPLOYMENT_TARGET = 8.0;
				LD_RUNPATH_SEARCH_PATHS = "$(inherited) @executable_path/Frameworks";
				PRODUCT_BUNDLE_IDENTIFIER = com.10fenke.ZLJoke1;
				PRODUCT_NAME = "$(TARGET_NAME)";
				USER_HEADER_SEARCH_PATHS = "$(PODS_ROOT)/**";
			};
			name = Release;
		};
		0C9F9C551D6EC56F00956C61 /* Debug */ = {
			isa = XCBuildConfiguration;
			buildSettings = {
				BUNDLE_LOADER = "$(TEST_HOST)";
				INFOPLIST_FILE = ZLJoke1Tests/Info.plist;
				LD_RUNPATH_SEARCH_PATHS = "$(inherited) @executable_path/Frameworks @loader_path/Frameworks";
				PRODUCT_BUNDLE_IDENTIFIER = com.10fenke.ZLJoke1Tests;
				PRODUCT_NAME = "$(TARGET_NAME)";
				TEST_HOST = "$(BUILT_PRODUCTS_DIR)/ZLJoke1.app/ZLJoke1";
			};
			name = Debug;
		};
		0C9F9C561D6EC56F00956C61 /* Release */ = {
			isa = XCBuildConfiguration;
			buildSettings = {
				BUNDLE_LOADER = "$(TEST_HOST)";
				INFOPLIST_FILE = ZLJoke1Tests/Info.plist;
				LD_RUNPATH_SEARCH_PATHS = "$(inherited) @executable_path/Frameworks @loader_path/Frameworks";
				PRODUCT_BUNDLE_IDENTIFIER = com.10fenke.ZLJoke1Tests;
				PRODUCT_NAME = "$(TARGET_NAME)";
				TEST_HOST = "$(BUILT_PRODUCTS_DIR)/ZLJoke1.app/ZLJoke1";
			};
			name = Release;
		};
		0C9F9C581D6EC56F00956C61 /* Debug */ = {
			isa = XCBuildConfiguration;
			buildSettings = {
				INFOPLIST_FILE = ZLJoke1UITests/Info.plist;
				LD_RUNPATH_SEARCH_PATHS = "$(inherited) @executable_path/Frameworks @loader_path/Frameworks";
				PRODUCT_BUNDLE_IDENTIFIER = com.10fenke.ZLJoke1UITests;
				PRODUCT_NAME = "$(TARGET_NAME)";
				TEST_TARGET_NAME = ZLJoke1;
			};
			name = Debug;
		};
		0C9F9C591D6EC56F00956C61 /* Release */ = {
			isa = XCBuildConfiguration;
			buildSettings = {
				INFOPLIST_FILE = ZLJoke1UITests/Info.plist;
				LD_RUNPATH_SEARCH_PATHS = "$(inherited) @executable_path/Frameworks @loader_path/Frameworks";
				PRODUCT_BUNDLE_IDENTIFIER = com.10fenke.ZLJoke1UITests;
				PRODUCT_NAME = "$(TARGET_NAME)";
				TEST_TARGET_NAME = ZLJoke1;
			};
			name = Release;
		};
/* End XCBuildConfiguration section */

/* Begin XCConfigurationList section */
		0C9F9C241D6EC56F00956C61 /* Build configuration list for PBXProject "ZLJoke1" */ = {
			isa = XCConfigurationList;
			buildConfigurations = (
				0C9F9C4F1D6EC56F00956C61 /* Debug */,
				0C9F9C501D6EC56F00956C61 /* Release */,
			);
			defaultConfigurationIsVisible = 0;
			defaultConfigurationName = Release;
		};
		0C9F9C511D6EC56F00956C61 /* Build configuration list for PBXNativeTarget "ZLJoke1" */ = {
			isa = XCConfigurationList;
			buildConfigurations = (
				0C9F9C521D6EC56F00956C61 /* Debug */,
				0C9F9C531D6EC56F00956C61 /* Release */,
			);
			defaultConfigurationIsVisible = 0;
			defaultConfigurationName = Release;
		};
		0C9F9C541D6EC56F00956C61 /* Build configuration list for PBXNativeTarget "ZLJoke1Tests" */ = {
			isa = XCConfigurationList;
			buildConfigurations = (
				0C9F9C551D6EC56F00956C61 /* Debug */,
				0C9F9C561D6EC56F00956C61 /* Release */,
			);
			defaultConfigurationIsVisible = 0;
			defaultConfigurationName = Release;
		};
		0C9F9C571D6EC56F00956C61 /* Build configuration list for PBXNativeTarget "ZLJoke1UITests" */ = {
			isa = XCConfigurationList;
			buildConfigurations = (
				0C9F9C581D6EC56F00956C61 /* Debug */,
				0C9F9C591D6EC56F00956C61 /* Release */,
			);
			defaultConfigurationIsVisible = 0;
			defaultConfigurationName = Release;
		};
/* End XCConfigurationList section */
	};
	rootObject = 0C9F9C211D6EC56F00956C61 /* Project object */;
}
