// !$*UTF8*$!
{
	archiveVersion = 1;
	classes = {
	};
	objectVersion = 46;
	objects = {

/* Begin PBXBuildFile section */
		0C119FCE1D645EE9002DF4B1 /* AppDelegate.swift in Sources */ = {isa = PBXBuildFile; fileRef = 0C119FCD1D645EE9002DF4B1 /* AppDelegate.swift */; };
		0C119FD01D645EE9002DF4B1 /* ViewController.swift in Sources */ = {isa = PBXBuildFile; fileRef = 0C119FCF1D645EE9002DF4B1 /* ViewController.swift */; };
		0C119FD31D645EE9002DF4B1 /* Main.storyboard in Resources */ = {isa = PBXBuildFile; fileRef = 0C119FD11D645EE9002DF4B1 /* Main.storyboard */; };
		0C119FD51D645EE9002DF4B1 /* Assets.xcassets in Resources */ = {isa = PBXBuildFile; fileRef = 0C119FD41D645EE9002DF4B1 /* Assets.xcassets */; };
		0C119FD81D645EE9002DF4B1 /* LaunchScreen.storyboard in Resources */ = {isa = PBXBuildFile; fileRef = 0C119FD61D645EE9002DF4B1 /* LaunchScreen.storyboard */; };
		0C119FE31D645EE9002DF4B1 /* ZLJokeTests.swift in Sources */ = {isa = PBXBuildFile; fileRef = 0C119FE21D645EE9002DF4B1 /* ZLJokeTests.swift */; };
		0C119FEE1D645EE9002DF4B1 /* ZLJokeUITests.swift in Sources */ = {isa = PBXBuildFile; fileRef = 0C119FED1D645EE9002DF4B1 /* ZLJokeUITests.swift */; };
/* End PBXBuildFile section */

/* Begin PBXContainerItemProxy section */
		0C119FDF1D645EE9002DF4B1 /* PBXContainerItemProxy */ = {
			isa = PBXContainerItemProxy;
			containerPortal = 0C119FC21D645EE9002DF4B1 /* Project object */;
			proxyType = 1;
			remoteGlobalIDString = 0C119FC91D645EE9002DF4B1;
			remoteInfo = ZLJoke;
		};
		0C119FEA1D645EE9002DF4B1 /* PBXContainerItemProxy */ = {
			isa = PBXContainerItemProxy;
			containerPortal = 0C119FC21D645EE9002DF4B1 /* Project object */;
			proxyType = 1;
			remoteGlobalIDString = 0C119FC91D645EE9002DF4B1;
			remoteInfo = ZLJoke;
		};
/* End PBXContainerItemProxy section */

/* Begin PBXFileReference section */
		0C119FCA1D645EE9002DF4B1 /* ZLJoke.app */ = {isa = PBXFileReference; explicitFileType = wrapper.application; includeInIndex = 0; path = ZLJoke.app; sourceTree = BUILT_PRODUCTS_DIR; };
		0C119FCD1D645EE9002DF4B1 /* AppDelegate.swift */ = {isa = PBXFileReference; lastKnownFileType = sourcecode.swift; path = AppDelegate.swift; sourceTree = "<group>"; };
		0C119FCF1D645EE9002DF4B1 /* ViewController.swift */ = {isa = PBXFileReference; lastKnownFileType = sourcecode.swift; path = ViewController.swift; sourceTree = "<group>"; };
		0C119FD21D645EE9002DF4B1 /* Base */ = {isa = PBXFileReference; lastKnownFileType = file.storyboard; name = Base; path = Base.lproj/Main.storyboard; sourceTree = "<group>"; };
		0C119FD41D645EE9002DF4B1 /* Assets.xcassets */ = {isa = PBXFileReference; lastKnownFileType = folder.assetcatalog; path = Assets.xcassets; sourceTree = "<group>"; };
		0C119FD71D645EE9002DF4B1 /* Base */ = {isa = PBXFileReference; lastKnownFileType = file.storyboard; name = Base; path = Base.lproj/LaunchScreen.storyboard; sourceTree = "<group>"; };
		0C119FD91D645EE9002DF4B1 /* Info.plist */ = {isa = PBXFileReference; lastKnownFileType = text.plist.xml; path = Info.plist; sourceTree = "<group>"; };
		0C119FDE1D645EE9002DF4B1 /* ZLJokeTests.xctest */ = {isa = PBXFileReference; explicitFileType = wrapper.cfbundle; includeInIndex = 0; path = ZLJokeTests.xctest; sourceTree = BUILT_PRODUCTS_DIR; };
		0C119FE21D645EE9002DF4B1 /* ZLJokeTests.swift */ = {isa = PBXFileReference; lastKnownFileType = sourcecode.swift; path = ZLJokeTests.swift; sourceTree = "<group>"; };
		0C119FE41D645EE9002DF4B1 /* Info.plist */ = {isa = PBXFileReference; lastKnownFileType = text.plist.xml; path = Info.plist; sourceTree = "<group>"; };
		0C119FE91D645EE9002DF4B1 /* ZLJokeUITests.xctest */ = {isa = PBXFileReference; explicitFileType = wrapper.cfbundle; includeInIndex = 0; path = ZLJokeUITests.xctest; sourceTree = BUILT_PRODUCTS_DIR; };
		0C119FED1D645EE9002DF4B1 /* ZLJokeUITests.swift */ = {isa = PBXFileReference; lastKnownFileType = sourcecode.swift; path = ZLJokeUITests.swift; sourceTree = "<group>"; };
		0C119FEF1D645EE9002DF4B1 /* Info.plist */ = {isa = PBXFileReference; lastKnownFileType = text.plist.xml; path = Info.plist; sourceTree = "<group>"; };
/* End PBXFileReference section */

/* Begin PBXFrameworksBuildPhase section */
		0C119FC71D645EE9002DF4B1 /* Frameworks */ = {
			isa = PBXFrameworksBuildPhase;
			buildActionMask = 2147483647;
			files = (
			);
			runOnlyForDeploymentPostprocessing = 0;
		};
		0C119FDB1D645EE9002DF4B1 /* Frameworks */ = {
			isa = PBXFrameworksBuildPhase;
			buildActionMask = 2147483647;
			files = (
			);
			runOnlyForDeploymentPostprocessing = 0;
		};
		0C119FE61D645EE9002DF4B1 /* Frameworks */ = {
			isa = PBXFrameworksBuildPhase;
			buildActionMask = 2147483647;
			files = (
			);
			runOnlyForDeploymentPostprocessing = 0;
		};
/* End PBXFrameworksBuildPhase section */

/* Begin PBXGroup section */
		0C119FC11D645EE9002DF4B1 = {
			isa = PBXGroup;
			children = (
				0C119FCC1D645EE9002DF4B1 /* ZLJoke */,
				0C119FE11D645EE9002DF4B1 /* ZLJokeTests */,
				0C119FEC1D645EE9002DF4B1 /* ZLJokeUITests */,
				0C119FCB1D645EE9002DF4B1 /* Products */,
			);
			sourceTree = "<group>";
		};
		0C119FCB1D645EE9002DF4B1 /* Products */ = {
			isa = PBXGroup;
			children = (
				0C119FCA1D645EE9002DF4B1 /* ZLJoke.app */,
				0C119FDE1D645EE9002DF4B1 /* ZLJokeTests.xctest */,
				0C119FE91D645EE9002DF4B1 /* ZLJokeUITests.xctest */,
			);
			name = Products;
			sourceTree = "<group>";
		};
		0C119FCC1D645EE9002DF4B1 /* ZLJoke */ = {
			isa = PBXGroup;
			children = (
				0C119FCD1D645EE9002DF4B1 /* AppDelegate.swift */,
				0C119FCF1D645EE9002DF4B1 /* ViewController.swift */,
				0C119FD11D645EE9002DF4B1 /* Main.storyboard */,
				0C119FD41D645EE9002DF4B1 /* Assets.xcassets */,
				0C119FD61D645EE9002DF4B1 /* LaunchScreen.storyboard */,
				0C119FD91D645EE9002DF4B1 /* Info.plist */,
			);
			path = ZLJoke;
			sourceTree = "<group>";
		};
		0C119FE11D645EE9002DF4B1 /* ZLJokeTests */ = {
			isa = PBXGroup;
			children = (
				0C119FE21D645EE9002DF4B1 /* ZLJokeTests.swift */,
				0C119FE41D645EE9002DF4B1 /* Info.plist */,
			);
			path = ZLJokeTests;
			sourceTree = "<group>";
		};
		0C119FEC1D645EE9002DF4B1 /* ZLJokeUITests */ = {
			isa = PBXGroup;
			children = (
				0C119FED1D645EE9002DF4B1 /* ZLJokeUITests.swift */,
				0C119FEF1D645EE9002DF4B1 /* Info.plist */,
			);
			path = ZLJokeUITests;
			sourceTree = "<group>";
		};
/* End PBXGroup section */

/* Begin PBXNativeTarget section */
		0C119FC91D645EE9002DF4B1 /* ZLJoke */ = {
			isa = PBXNativeTarget;
			buildConfigurationList = 0C119FF21D645EE9002DF4B1 /* Build configuration list for PBXNativeTarget "ZLJoke" */;
			buildPhases = (
				0C119FC61D645EE9002DF4B1 /* Sources */,
				0C119FC71D645EE9002DF4B1 /* Frameworks */,
				0C119FC81D645EE9002DF4B1 /* Resources */,
			);
			buildRules = (
			);
			dependencies = (
			);
			name = ZLJoke;
			productName = ZLJoke;
			productReference = 0C119FCA1D645EE9002DF4B1 /* ZLJoke.app */;
			productType = "com.apple.product-type.application";
		};
		0C119FDD1D645EE9002DF4B1 /* ZLJokeTests */ = {
			isa = PBXNativeTarget;
			buildConfigurationList = 0C119FF51D645EE9002DF4B1 /* Build configuration list for PBXNativeTarget "ZLJokeTests" */;
			buildPhases = (
				0C119FDA1D645EE9002DF4B1 /* Sources */,
				0C119FDB1D645EE9002DF4B1 /* Frameworks */,
				0C119FDC1D645EE9002DF4B1 /* Resources */,
			);
			buildRules = (
			);
			dependencies = (
				0C119FE01D645EE9002DF4B1 /* PBXTargetDependency */,
			);
			name = ZLJokeTests;
			productName = ZLJokeTests;
			productReference = 0C119FDE1D645EE9002DF4B1 /* ZLJokeTests.xctest */;
			productType = "com.apple.product-type.bundle.unit-test";
		};
		0C119FE81D645EE9002DF4B1 /* ZLJokeUITests */ = {
			isa = PBXNativeTarget;
			buildConfigurationList = 0C119FF81D645EE9002DF4B1 /* Build configuration list for PBXNativeTarget "ZLJokeUITests" */;
			buildPhases = (
				0C119FE51D645EE9002DF4B1 /* Sources */,
				0C119FE61D645EE9002DF4B1 /* Frameworks */,
				0C119FE71D645EE9002DF4B1 /* Resources */,
			);
			buildRules = (
			);
			dependencies = (
				0C119FEB1D645EE9002DF4B1 /* PBXTargetDependency */,
			);
			name = ZLJokeUITests;
			productName = ZLJokeUITests;
			productReference = 0C119FE91D645EE9002DF4B1 /* ZLJokeUITests.xctest */;
			productType = "com.apple.product-type.bundle.ui-testing";
		};
/* End PBXNativeTarget section */

/* Begin PBXProject section */
		0C119FC21D645EE9002DF4B1 /* Project object */ = {
			isa = PBXProject;
			attributes = {
				LastSwiftUpdateCheck = 0730;
				LastUpgradeCheck = 0730;
				ORGANIZATIONNAME = ZhiLong;
				TargetAttributes = {
					0C119FC91D645EE9002DF4B1 = {
						CreatedOnToolsVersion = 7.3.1;
					};
					0C119FDD1D645EE9002DF4B1 = {
						CreatedOnToolsVersion = 7.3.1;
						TestTargetID = 0C119FC91D645EE9002DF4B1;
					};
					0C119FE81D645EE9002DF4B1 = {
						CreatedOnToolsVersion = 7.3.1;
						TestTargetID = 0C119FC91D645EE9002DF4B1;
					};
				};
			};
			buildConfigurationList = 0C119FC51D645EE9002DF4B1 /* Build configuration list for PBXProject "ZLJoke" */;
			compatibilityVersion = "Xcode 3.2";
			developmentRegion = English;
			hasScannedForEncodings = 0;
			knownRegions = (
				en,
				Base,
			);
			mainGroup = 0C119FC11D645EE9002DF4B1;
			productRefGroup = 0C119FCB1D645EE9002DF4B1 /* Products */;
			projectDirPath = "";
			projectRoot = "";
			targets = (
				0C119FC91D645EE9002DF4B1 /* ZLJoke */,
				0C119FDD1D645EE9002DF4B1 /* ZLJokeTests */,
				0C119FE81D645EE9002DF4B1 /* ZLJokeUITests */,
			);
		};
/* End PBXProject section */

/* Begin PBXResourcesBuildPhase section */
		0C119FC81D645EE9002DF4B1 /* Resources */ = {
			isa = PBXResourcesBuildPhase;
			buildActionMask = 2147483647;
			files = (
				0C119FD81D645EE9002DF4B1 /* LaunchScreen.storyboard in Resources */,
				0C119FD51D645EE9002DF4B1 /* Assets.xcassets in Resources */,
				0C119FD31D645EE9002DF4B1 /* Main.storyboard in Resources */,
			);
			runOnlyForDeploymentPostprocessing = 0;
		};
		0C119FDC1D645EE9002DF4B1 /* Resources */ = {
			isa = PBXResourcesBuildPhase;
			buildActionMask = 2147483647;
			files = (
			);
			runOnlyForDeploymentPostprocessing = 0;
		};
		0C119FE71D645EE9002DF4B1 /* Resources */ = {
			isa = PBXResourcesBuildPhase;
			buildActionMask = 2147483647;
			files = (
			);
			runOnlyForDeploymentPostprocessing = 0;
		};
/* End PBXResourcesBuildPhase section */

/* Begin PBXSourcesBuildPhase section */
		0C119FC61D645EE9002DF4B1 /* Sources */ = {
			isa = PBXSourcesBuildPhase;
			buildActionMask = 2147483647;
			files = (
				0C119FD01D645EE9002DF4B1 /* ViewController.swift in Sources */,
				0C119FCE1D645EE9002DF4B1 /* AppDelegate.swift in Sources */,
			);
			runOnlyForDeploymentPostprocessing = 0;
		};
		0C119FDA1D645EE9002DF4B1 /* Sources */ = {
			isa = PBXSourcesBuildPhase;
			buildActionMask = 2147483647;
			files = (
				0C119FE31D645EE9002DF4B1 /* ZLJokeTests.swift in Sources */,
			);
			runOnlyForDeploymentPostprocessing = 0;
		};
		0C119FE51D645EE9002DF4B1 /* Sources */ = {
			isa = PBXSourcesBuildPhase;
			buildActionMask = 2147483647;
			files = (
				0C119FEE1D645EE9002DF4B1 /* ZLJokeUITests.swift in Sources */,
			);
			runOnlyForDeploymentPostprocessing = 0;
		};
/* End PBXSourcesBuildPhase section */

/* Begin PBXTargetDependency section */
		0C119FE01D645EE9002DF4B1 /* PBXTargetDependency */ = {
			isa = PBXTargetDependency;
			target = 0C119FC91D645EE9002DF4B1 /* ZLJoke */;
			targetProxy = 0C119FDF1D645EE9002DF4B1 /* PBXContainerItemProxy */;
		};
		0C119FEB1D645EE9002DF4B1 /* PBXTargetDependency */ = {
			isa = PBXTargetDependency;
			target = 0C119FC91D645EE9002DF4B1 /* ZLJoke */;
			targetProxy = 0C119FEA1D645EE9002DF4B1 /* PBXContainerItemProxy */;
		};
/* End PBXTargetDependency section */

/* Begin PBXVariantGroup section */
		0C119FD11D645EE9002DF4B1 /* Main.storyboard */ = {
			isa = PBXVariantGroup;
			children = (
				0C119FD21D645EE9002DF4B1 /* Base */,
			);
			name = Main.storyboard;
			sourceTree = "<group>";
		};
		0C119FD61D645EE9002DF4B1 /* LaunchScreen.storyboard */ = {
			isa = PBXVariantGroup;
			children = (
				0C119FD71D645EE9002DF4B1 /* Base */,
			);
			name = LaunchScreen.storyboard;
			sourceTree = "<group>";
		};
/* End PBXVariantGroup section */

/* Begin XCBuildConfiguration section */
		0C119FF01D645EE9002DF4B1 /* Debug */ = {
			isa = XCBuildConfiguration;
			buildSettings = {
				ALWAYS_SEARCH_USER_PATHS = NO;
				CLANG_ANALYZER_NONNULL = YES;
				CLANG_CXX_LANGUAGE_STANDARD = "gnu++0x";
				CLANG_CXX_LIBRARY = "libc++";
				CLANG_ENABLE_MODULES = YES;
				CLANG_ENABLE_OBJC_ARC = YES;
				CLANG_WARN_BOOL_CONVERSION = YES;
				CLANG_WARN_CONSTANT_CONVERSION = YES;
				CLANG_WARN_DIRECT_OBJC_ISA_USAGE = YES_ERROR;
				CLANG_WARN_EMPTY_BODY = YES;
				CLANG_WARN_ENUM_CONVERSION = YES;
				CLANG_WARN_INT_CONVERSION = YES;
				CLANG_WARN_OBJC_ROOT_CLASS = YES_ERROR;
				CLANG_WARN_UNREACHABLE_CODE = YES;
				CLANG_WARN__DUPLICATE_METHOD_MATCH = YES;
				"CODE_SIGN_IDENTITY[sdk=iphoneos*]" = "iPhone Developer";
				COPY_PHASE_STRIP = NO;
				DEBUG_INFORMATION_FORMAT = dwarf;
				ENABLE_STRICT_OBJC_MSGSEND = YES;
				ENABLE_TESTABILITY = YES;
				GCC_C_LANGUAGE_STANDARD = gnu99;
				GCC_DYNAMIC_NO_PIC = NO;
				GCC_NO_COMMON_BLOCKS = YES;
				GCC_OPTIMIZATION_LEVEL = 0;
				GCC_PREPROCESSOR_DEFINITIONS = (
					"DEBUG=1",
					"$(inherited)",
				);
				GCC_WARN_64_TO_32_BIT_CONVERSION = YES;
				GCC_WARN_ABOUT_RETURN_TYPE = YES_ERROR;
				GCC_WARN_UNDECLARED_SELECTOR = YES;
				GCC_WARN_UNINITIALIZED_AUTOS = YES_AGGRESSIVE;
				GCC_WARN_UNUSED_FUNCTION = YES;
				GCC_WARN_UNUSED_VARIABLE = YES;
				IPHONEOS_DEPLOYMENT_TARGET = 9.3;
				MTL_ENABLE_DEBUG_INFO = YES;
				ONLY_ACTIVE_ARCH = YES;
				SDKROOT = iphoneos;
				SWIFT_OPTIMIZATION_LEVEL = "-Onone";
			};
			name = Debug;
		};
		0C119FF11D645EE9002DF4B1 /* Release */ = {
			isa = XCBuildConfiguration;
			buildSettings = {
				ALWAYS_SEARCH_USER_PATHS = NO;
				CLANG_ANALYZER_NONNULL = YES;
				CLANG_CXX_LANGUAGE_STANDARD = "gnu++0x";
				CLANG_CXX_LIBRARY = "libc++";
				CLANG_ENABLE_MODULES = YES;
				CLANG_ENABLE_OBJC_ARC = YES;
				CLANG_WARN_BOOL_CONVERSION = YES;
				CLANG_WARN_CONSTANT_CONVERSION = YES;
				CLANG_WARN_DIRECT_OBJC_ISA_USAGE = YES_ERROR;
				CLANG_WARN_EMPTY_BODY = YES;
				CLANG_WARN_ENUM_CONVERSION = YES;
				CLANG_WARN_INT_CONVERSION = YES;
				CLANG_WARN_OBJC_ROOT_CLASS = YES_ERROR;
				CLANG_WARN_UNREACHABLE_CODE = YES;
				CLANG_WARN__DUPLICATE_METHOD_MATCH = YES;
				"CODE_SIGN_IDENTITY[sdk=iphoneos*]" = "iPhone Developer";
				COPY_PHASE_STRIP = NO;
				DEBUG_INFORMATION_FORMAT = "dwarf-with-dsym";
				ENABLE_NS_ASSERTIONS = NO;
				ENABLE_STRICT_OBJC_MSGSEND = YES;
				GCC_C_LANGUAGE_STANDARD = gnu99;
				GCC_NO_COMMON_BLOCKS = YES;
				GCC_WARN_64_TO_32_BIT_CONVERSION = YES;
				GCC_WARN_ABOUT_RETURN_TYPE = YES_ERROR;
				GCC_WARN_UNDECLARED_SELECTOR = YES;
				GCC_WARN_UNINITIALIZED_AUTOS = YES_AGGRESSIVE;
				GCC_WARN_UNUSED_FUNCTION = YES;
				GCC_WARN_UNUSED_VARIABLE = YES;
				IPHONEOS_DEPLOYMENT_TARGET = 9.3;
				MTL_ENABLE_DEBUG_INFO = NO;
				SDKROOT = iphoneos;
				VALIDATE_PRODUCT = YES;
			};
			name = Release;
		};
		0C119FF31D645EE9002DF4B1 /* Debug */ = {
			isa = XCBuildConfiguration;
			buildSettings = {
				ASSETCATALOG_COMPILER_APPICON_NAME = AppIcon;
				INFOPLIST_FILE = ZLJoke/Info.plist;
				LD_RUNPATH_SEARCH_PATHS = "$(inherited) @executable_path/Frameworks";
				PRODUCT_BUNDLE_IDENTIFIER = com.10fenke.ZLJoke;
				PRODUCT_NAME = "$(TARGET_NAME)";
			};
			name = Debug;
		};
		0C119FF41D645EE9002DF4B1 /* Release */ = {
			isa = XCBuildConfiguration;
			buildSettings = {
				ASSETCATALOG_COMPILER_APPICON_NAME = AppIcon;
				INFOPLIST_FILE = ZLJoke/Info.plist;
				LD_RUNPATH_SEARCH_PATHS = "$(inherited) @executable_path/Frameworks";
				PRODUCT_BUNDLE_IDENTIFIER = com.10fenke.ZLJoke;
				PRODUCT_NAME = "$(TARGET_NAME)";
			};
			name = Release;
		};
		0C119FF61D645EE9002DF4B1 /* Debug */ = {
			isa = XCBuildConfiguration;
			buildSettings = {
				BUNDLE_LOADER = "$(TEST_HOST)";
				INFOPLIST_FILE = ZLJokeTests/Info.plist;
				LD_RUNPATH_SEARCH_PATHS = "$(inherited) @executable_path/Frameworks @loader_path/Frameworks";
				PRODUCT_BUNDLE_IDENTIFIER = com.10fenke.ZLJokeTests;
				PRODUCT_NAME = "$(TARGET_NAME)";
				TEST_HOST = "$(BUILT_PRODUCTS_DIR)/ZLJoke.app/ZLJoke";
			};
			name = Debug;
		};
		0C119FF71D645EE9002DF4B1 /* Release */ = {
			isa = XCBuildConfiguration;
			buildSettings = {
				BUNDLE_LOADER = "$(TEST_HOST)";
				INFOPLIST_FILE = ZLJokeTests/Info.plist;
				LD_RUNPATH_SEARCH_PATHS = "$(inherited) @executable_path/Frameworks @loader_path/Frameworks";
				PRODUCT_BUNDLE_IDENTIFIER = com.10fenke.ZLJokeTests;
				PRODUCT_NAME = "$(TARGET_NAME)";
				TEST_HOST = "$(BUILT_PRODUCTS_DIR)/ZLJoke.app/ZLJoke";
			};
			name = Release;
		};
		0C119FF91D645EE9002DF4B1 /* Debug */ = {
			isa = XCBuildConfiguration;
			buildSettings = {
				INFOPLIST_FILE = ZLJokeUITests/Info.plist;
				LD_RUNPATH_SEARCH_PATHS = "$(inherited) @executable_path/Frameworks @loader_path/Frameworks";
				PRODUCT_BUNDLE_IDENTIFIER = com.10fenke.ZLJokeUITests;
				PRODUCT_NAME = "$(TARGET_NAME)";
				TEST_TARGET_NAME = ZLJoke;
			};
			name = Debug;
		};
		0C119FFA1D645EE9002DF4B1 /* Release */ = {
			isa = XCBuildConfiguration;
			buildSettings = {
				INFOPLIST_FILE = ZLJokeUITests/Info.plist;
				LD_RUNPATH_SEARCH_PATHS = "$(inherited) @executable_path/Frameworks @loader_path/Frameworks";
				PRODUCT_BUNDLE_IDENTIFIER = com.10fenke.ZLJokeUITests;
				PRODUCT_NAME = "$(TARGET_NAME)";
				TEST_TARGET_NAME = ZLJoke;
			};
			name = Release;
		};
/* End XCBuildConfiguration section */

/* Begin XCConfigurationList section */
		0C119FC51D645EE9002DF4B1 /* Build configuration list for PBXProject "ZLJoke" */ = {
			isa = XCConfigurationList;
			buildConfigurations = (
				0C119FF01D645EE9002DF4B1 /* Debug */,
				0C119FF11D645EE9002DF4B1 /* Release */,
			);
			defaultConfigurationIsVisible = 0;
			defaultConfigurationName = Release;
		};
		0C119FF21D645EE9002DF4B1 /* Build configuration list for PBXNativeTarget "ZLJoke" */ = {
			isa = XCConfigurationList;
			buildConfigurations = (
				0C119FF31D645EE9002DF4B1 /* Debug */,
				0C119FF41D645EE9002DF4B1 /* Release */,
			);
			defaultConfigurationIsVisible = 0;
		};
		0C119FF51D645EE9002DF4B1 /* Build configuration list for PBXNativeTarget "ZLJokeTests" */ = {
			isa = XCConfigurationList;
			buildConfigurations = (
				0C119FF61D645EE9002DF4B1 /* Debug */,
				0C119FF71D645EE9002DF4B1 /* Release */,
			);
			defaultConfigurationIsVisible = 0;
		};
		0C119FF81D645EE9002DF4B1 /* Build configuration list for PBXNativeTarget "ZLJokeUITests" */ = {
			isa = XCConfigurationList;
			buildConfigurations = (
				0C119FF91D645EE9002DF4B1 /* Debug */,
				0C119FFA1D645EE9002DF4B1 /* Release */,
			);
			defaultConfigurationIsVisible = 0;
		};
/* End XCConfigurationList section */
	};
	rootObject = 0C119FC21D645EE9002DF4B1 /* Project object */;
}
